
Microsoft Visual Studio Solution File, Format Version 12.00
# Visual Studio Version 17
VisualStudioVersion = 17.9.34607.119
MinimumVisualStudioVersion = 10.0.40219.1
Project("{FAE04EC0-301F-11D3-BF4B-00C04F79EFBC}") = "StoreFront.UI.MVC", "StoreFront.UI.MVC\StoreFront.UI.MVC.csproj", "{A7DDB723-3E4F-4251-B389-86CCB2F54B95}"
EndProject
Project("{FAE04EC0-301F-11D3-BF4B-00C04F79EFBC}") = "StoreFront.DATA.EF", "StoreFront.DATA.EF\StoreFront.DATA.EF.csproj", "{AD389083-5FB8-4D58-A223-D9312DCBCE98}"
EndProject
Global
	GlobalSection(SolutionConfigurationPlatforms) = preSolution
		Debug|Any CPU = Debug|Any CPU
		Release|Any CPU = Release|Any CPU
	EndGlobalSection
	GlobalSection(ProjectConfigurationPlatforms) = postSolution
		{A7DDB723-3E4F-4251-B389-86CCB2F54B95}.Debug|Any CPU.ActiveCfg = Debug|Any CPU
		{A7DDB723-3E4F-4251-B389-86CCB2F54B95}.Debug|Any CPU.Build.0 = Debug|Any CPU
		{A7DDB723-3E4F-4251-B389-86CCB2F54B95}.Release|Any CPU.ActiveCfg = Release|Any CPU
		{A7DDB723-3E4F-4251-B389-86CCB2F54B95}.Release|Any CPU.Build.0 = Release|Any CPU
		{AD389083-5FB8-4D58-A223-D9312DCBCE98}.Debug|Any CPU.ActiveCfg = Debug|Any CPU
		{AD389083-5FB8-4D58-A223-D9312DCBCE98}.Debug|Any CPU.Build.0 = Debug|Any CPU
		{AD389083-5FB8-4D58-A223-D9312DCBCE98}.Release|Any CPU.ActiveCfg = Release|Any CPU
		{AD389083-5FB8-4D58-A223-D9312DCBCE98}.Release|Any CPU.Build.0 = Release|Any CPU
	EndGlobalSection
	GlobalSection(SolutionProperties) = preSolution
		HideSolutionNode = FALSE
	EndGlobalSection
	GlobalSection(ExtensibilityGlobals) = postSolution
		SolutionGuid = {F9B99FC8-6645-41CA-8686-43A6A8EDFF06}
	EndGlobalSection
EndGlobal
